
Microsoft Visual Studio Solution File, Format Version 12.00
# Visual Studio Version 17
VisualStudioVersion = 17.0.31903.59
MinimumVisualStudioVersion = 10.0.40219.1
Project("{FAE04EC0-301F-11D3-BF4B-00C04F79EFBC}") = "HttpConsumer", "HttpConsumer\HttpConsumer.csproj", "{90B7F77D-F8B2-40C0-BA9B-DDBF87A42CF6}"
EndProject
Project("{FAE04EC0-301F-11D3-BF4B-00C04F79EFBC}") = "HttpProducer", "HttpProducer\HttpProducer.csproj", "{58A65E1F-815F-40B2-B9F1-DC536297578A}"
EndProject
Global
	GlobalSection(SolutionConfigurationPlatforms) = preSolution
		Debug|Any CPU = Debug|Any CPU
		Release|Any CPU = Release|Any CPU
	EndGlobalSection
	GlobalSection(SolutionProperties) = preSolution
		HideSolutionNode = FALSE
	EndGlobalSection
	GlobalSection(ProjectConfigurationPlatforms) = postSolution
		{90B7F77D-F8B2-40C0-BA9B-DDBF87A42CF6}.Debug|Any CPU.ActiveCfg = Debug|Any CPU
		{90B7F77D-F8B2-40C0-BA9B-DDBF87A42CF6}.Debug|Any CPU.Build.0 = Debug|Any CPU
		{90B7F77D-F8B2-40C0-BA9B-DDBF87A42CF6}.Release|Any CPU.ActiveCfg = Release|Any CPU
		{90B7F77D-F8B2-40C0-BA9B-DDBF87A42CF6}.Release|Any CPU.Build.0 = Release|Any CPU
		{58A65E1F-815F-40B2-B9F1-DC536297578A}.Debug|Any CPU.ActiveCfg = Debug|Any CPU
		{58A65E1F-815F-40B2-B9F1-DC536297578A}.Debug|Any CPU.Build.0 = Debug|Any CPU
		{58A65E1F-815F-40B2-B9F1-DC536297578A}.Release|Any CPU.ActiveCfg = Release|Any CPU
		{58A65E1F-815F-40B2-B9F1-DC536297578A}.Release|Any CPU.Build.0 = Release|Any CPU
	EndGlobalSection
EndGlobal
